
Microsoft Visual Studio Solution File, Format Version 12.00
# Visual Studio 15
VisualStudioVersion = 15.0.27428.2015
MinimumVisualStudioVersion = 10.0.40219.1
Project("{FAE04EC0-301F-11D3-BF4B-00C04F79EFBC}") = "Eshop", "Eshop\Eshop.csproj", "{C3ED0018-9504-4EDC-B43F-EF5F2BF9B66B}"
EndProject
Project("{FAE04EC0-301F-11D3-BF4B-00C04F79EFBC}") = "Eshop.Administration", "Eshop.Administration\Eshop.Administration.csproj", "{E55B7476-65C5-4B57-B667-7D05A128306A}"
EndProject
Project("{FAE04EC0-301F-11D3-BF4B-00C04F79EFBC}") = "Eshop.ClassLibrary", "Eshop.ClassLibrary\Eshop.ClassLibrary.csproj", "{406124B9-2B03-423B-BF4B-6BAAAFA1A53A}"
EndProject
Global
	GlobalSection(SolutionConfigurationPlatforms) = preSolution
		Debug|Any CPU = Debug|Any CPU
		Release|Any CPU = Release|Any CPU
	EndGlobalSection
	GlobalSection(ProjectConfigurationPlatforms) = postSolution
		{C3ED0018-9504-4EDC-B43F-EF5F2BF9B66B}.Debug|Any CPU.ActiveCfg = Debug|Any CPU
		{C3ED0018-9504-4EDC-B43F-EF5F2BF9B66B}.Debug|Any CPU.Build.0 = Debug|Any CPU
		{C3ED0018-9504-4EDC-B43F-EF5F2BF9B66B}.Release|Any CPU.ActiveCfg = Release|Any CPU
		{C3ED0018-9504-4EDC-B43F-EF5F2BF9B66B}.Release|Any CPU.Build.0 = Release|Any CPU
		{E55B7476-65C5-4B57-B667-7D05A128306A}.Debug|Any CPU.ActiveCfg = Debug|Any CPU
		{E55B7476-65C5-4B57-B667-7D05A128306A}.Debug|Any CPU.Build.0 = Debug|Any CPU
		{E55B7476-65C5-4B57-B667-7D05A128306A}.Release|Any CPU.ActiveCfg = Release|Any CPU
		{E55B7476-65C5-4B57-B667-7D05A128306A}.Release|Any CPU.Build.0 = Release|Any CPU
		{406124B9-2B03-423B-BF4B-6BAAAFA1A53A}.Debug|Any CPU.ActiveCfg = Debug|Any CPU
		{406124B9-2B03-423B-BF4B-6BAAAFA1A53A}.Debug|Any CPU.Build.0 = Debug|Any CPU
		{406124B9-2B03-423B-BF4B-6BAAAFA1A53A}.Release|Any CPU.ActiveCfg = Release|Any CPU
		{406124B9-2B03-423B-BF4B-6BAAAFA1A53A}.Release|Any CPU.Build.0 = Release|Any CPU
	EndGlobalSection
	GlobalSection(SolutionProperties) = preSolution
		HideSolutionNode = FALSE
	EndGlobalSection
	GlobalSection(ExtensibilityGlobals) = postSolution
		SolutionGuid = {13C0DD81-F79E-459D-92ED-1D25123CF94A}
	EndGlobalSection
EndGlobal
